
Microsoft Visual Studio Solution File, Format Version 12.00
# Visual Studio Version 17
VisualStudioVersion = 17.2.32602.215
MinimumVisualStudioVersion = 10.0.40219.1
Project("{FAE04EC0-301F-11D3-BF4B-00C04F79EFBC}") = "TechnicalSupport", "TechnicalSupport.csproj", "{A1E0CE44-F24E-40DD-AACE-CFC89FD51395}"
EndProject
Global
	GlobalSection(SolutionConfigurationPlatforms) = preSolution
		Debug|Any CPU = Debug|Any CPU
		Release|Any CPU = Release|Any CPU
	EndGlobalSection
	GlobalSection(ProjectConfigurationPlatforms) = postSolution
		{A1E0CE44-F24E-40DD-AACE-CFC89FD51395}.Debug|Any CPU.ActiveCfg = Debug|Any CPU
		{A1E0CE44-F24E-40DD-AACE-CFC89FD51395}.Debug|Any CPU.Build.0 = Debug|Any CPU
		{A1E0CE44-F24E-40DD-AACE-CFC89FD51395}.Release|Any CPU.ActiveCfg = Release|Any CPU
		{A1E0CE44-F24E-40DD-AACE-CFC89FD51395}.Release|Any CPU.Build.0 = Release|Any CPU
	EndGlobalSection
	GlobalSection(SolutionProperties) = preSolution
		HideSolutionNode = FALSE
	EndGlobalSection
	GlobalSection(ExtensibilityGlobals) = postSolution
		SolutionGuid = {933F8DF9-A31F-4949-B947-66F52DCBA506}
	EndGlobalSection
EndGlobal
